
Microsoft Visual Studio Solution File, Format Version 12.00
# Visual Studio 15
VisualStudioVersion = 15.0.28307.421
MinimumVisualStudioVersion = 10.0.40219.1
Project("{8BC9CEB8-8B4A-11D0-8D11-00A0C91BC942}") = "中间代码生成程序设计", "中间代码生成程序设计\中间代码生成程序设计.vcxproj", "{305B1DBA-1FF9-4AB4-8FC3-C2BA87A6C002}"
EndProject
Global
	GlobalSection(SolutionConfigurationPlatforms) = preSolution
		Debug|x64 = Debug|x64
		Debug|x86 = Debug|x86
		Release|x64 = Release|x64
		Release|x86 = Release|x86
	EndGlobalSection
	GlobalSection(ProjectConfigurationPlatforms) = postSolution
		{305B1DBA-1FF9-4AB4-8FC3-C2BA87A6C002}.Debug|x64.ActiveCfg = Debug|x64
		{305B1DBA-1FF9-4AB4-8FC3-C2BA87A6C002}.Debug|x64.Build.0 = Debug|x64
		{305B1DBA-1FF9-4AB4-8FC3-C2BA87A6C002}.Debug|x86.ActiveCfg = Debug|Win32
		{305B1DBA-1FF9-4AB4-8FC3-C2BA87A6C002}.Debug|x86.Build.0 = Debug|Win32
		{305B1DBA-1FF9-4AB4-8FC3-C2BA87A6C002}.Release|x64.ActiveCfg = Release|x64
		{305B1DBA-1FF9-4AB4-8FC3-C2BA87A6C002}.Release|x64.Build.0 = Release|x64
		{305B1DBA-1FF9-4AB4-8FC3-C2BA87A6C002}.Release|x86.ActiveCfg = Release|Win32
		{305B1DBA-1FF9-4AB4-8FC3-C2BA87A6C002}.Release|x86.Build.0 = Release|Win32
	EndGlobalSection
	GlobalSection(SolutionProperties) = preSolution
		HideSolutionNode = FALSE
	EndGlobalSection
	GlobalSection(ExtensibilityGlobals) = postSolution
		SolutionGuid = {0687A359-9FF2-4E35-B153-6158DEFB8763}
	EndGlobalSection
EndGlobal
